
Microsoft Visual Studio Solution File, Format Version 12.00
# Visual Studio Version 17
VisualStudioVersion = 17.5.33516.290
MinimumVisualStudioVersion = 10.0.40219.1
Project("{FAE04EC0-301F-11D3-BF4B-00C04F79EFBC}") = "Elections", "Elections\Elections.csproj", "{13EA3377-676B-43DC-914A-0046FD1D102B}"
EndProject
Global
	GlobalSection(SolutionConfigurationPlatforms) = preSolution
		Debug|Any CPU = Debug|Any CPU
		Release|Any CPU = Release|Any CPU
	EndGlobalSection
	GlobalSection(ProjectConfigurationPlatforms) = postSolution
		{13EA3377-676B-43DC-914A-0046FD1D102B}.Debug|Any CPU.ActiveCfg = Debug|Any CPU
		{13EA3377-676B-43DC-914A-0046FD1D102B}.Debug|Any CPU.Build.0 = Debug|Any CPU
		{13EA3377-676B-43DC-914A-0046FD1D102B}.Release|Any CPU.ActiveCfg = Release|Any CPU
		{13EA3377-676B-43DC-914A-0046FD1D102B}.Release|Any CPU.Build.0 = Release|Any CPU
	EndGlobalSection
	GlobalSection(SolutionProperties) = preSolution
		HideSolutionNode = FALSE
	EndGlobalSection
	GlobalSection(ExtensibilityGlobals) = postSolution
		SolutionGuid = {4EB21196-2261-43AB-8E28-3AC126C5A2B5}
	EndGlobalSection
EndGlobal
